
Microsoft Visual Studio Solution File, Format Version 12.00
# Visual Studio 15
VisualStudioVersion = 15.0.26730.10
MinimumVisualStudioVersion = 10.0.40219.1
Project("{FAE04EC0-301F-11D3-BF4B-00C04F79EFBC}") = "Common", "Common\Common.csproj", "{58FABB7B-1086-4EB5-9DBB-9192179C78E3}"
EndProject
Project("{FAE04EC0-301F-11D3-BF4B-00C04F79EFBC}") = "LibNoise", "LibNoise\LibNoise.csproj", "{031C8CFF-F147-44EA-B7E5-0A5644808A7E}"
EndProject
Project("{FAE04EC0-301F-11D3-BF4B-00C04F79EFBC}") = "UniverseGeneratorTestWpf", "UniverseGeneratorTestWpf\UniverseGeneratorTestWpf.csproj", "{2EDDABED-CF3D-486F-A97D-5CB7AC02BE00}"
EndProject
Project("{9A19103F-16F7-4668-BE54-9A1E7A4F7556}") = "Server", "Server\Server.csproj", "{9B4812D2-9A1E-4D1B-97E8-79803DB13402}"
EndProject
Project("{FAE04EC0-301F-11D3-BF4B-00C04F79EFBC}") = "Editor", "Editor\Editor.csproj", "{0D8860A0-D810-47CA-A8EC-4BB35D4757E2}"
EndProject
Project("{FAE04EC0-301F-11D3-BF4B-00C04F79EFBC}") = "WpfCommon", "WpfCommon\WpfCommon.csproj", "{64A1B059-CE9A-4B1E-86E0-CCF9645CED7C}"
EndProject
Global
	GlobalSection(SolutionConfigurationPlatforms) = preSolution
		Debug|Any CPU = Debug|Any CPU
		Debug|x86 = Debug|x86
		Release|Any CPU = Release|Any CPU
		Release|x86 = Release|x86
	EndGlobalSection
	GlobalSection(ProjectConfigurationPlatforms) = postSolution
		{58FABB7B-1086-4EB5-9DBB-9192179C78E3}.Debug|Any CPU.ActiveCfg = Debug|Any CPU
		{58FABB7B-1086-4EB5-9DBB-9192179C78E3}.Debug|Any CPU.Build.0 = Debug|Any CPU
		{58FABB7B-1086-4EB5-9DBB-9192179C78E3}.Debug|x86.ActiveCfg = Debug|Any CPU
		{58FABB7B-1086-4EB5-9DBB-9192179C78E3}.Debug|x86.Build.0 = Debug|Any CPU
		{58FABB7B-1086-4EB5-9DBB-9192179C78E3}.Release|Any CPU.ActiveCfg = Release|Any CPU
		{58FABB7B-1086-4EB5-9DBB-9192179C78E3}.Release|Any CPU.Build.0 = Release|Any CPU
		{58FABB7B-1086-4EB5-9DBB-9192179C78E3}.Release|x86.ActiveCfg = Release|Any CPU
		{58FABB7B-1086-4EB5-9DBB-9192179C78E3}.Release|x86.Build.0 = Release|Any CPU
		{031C8CFF-F147-44EA-B7E5-0A5644808A7E}.Debug|Any CPU.ActiveCfg = Debug|Any CPU
		{031C8CFF-F147-44EA-B7E5-0A5644808A7E}.Debug|Any CPU.Build.0 = Debug|Any CPU
		{031C8CFF-F147-44EA-B7E5-0A5644808A7E}.Debug|x86.ActiveCfg = Debug|Any CPU
		{031C8CFF-F147-44EA-B7E5-0A5644808A7E}.Debug|x86.Build.0 = Debug|Any CPU
		{031C8CFF-F147-44EA-B7E5-0A5644808A7E}.Release|Any CPU.ActiveCfg = Release|Any CPU
		{031C8CFF-F147-44EA-B7E5-0A5644808A7E}.Release|Any CPU.Build.0 = Release|Any CPU
		{031C8CFF-F147-44EA-B7E5-0A5644808A7E}.Release|x86.ActiveCfg = Release|Any CPU
		{031C8CFF-F147-44EA-B7E5-0A5644808A7E}.Release|x86.Build.0 = Release|Any CPU
		{2EDDABED-CF3D-486F-A97D-5CB7AC02BE00}.Debug|Any CPU.ActiveCfg = Debug|Any CPU
		{2EDDABED-CF3D-486F-A97D-5CB7AC02BE00}.Debug|Any CPU.Build.0 = Debug|Any CPU
		{2EDDABED-CF3D-486F-A97D-5CB7AC02BE00}.Debug|x86.ActiveCfg = Debug|Any CPU
		{2EDDABED-CF3D-486F-A97D-5CB7AC02BE00}.Debug|x86.Build.0 = Debug|Any CPU
		{2EDDABED-CF3D-486F-A97D-5CB7AC02BE00}.Release|Any CPU.ActiveCfg = Release|Any CPU
		{2EDDABED-CF3D-486F-A97D-5CB7AC02BE00}.Release|Any CPU.Build.0 = Release|Any CPU
		{2EDDABED-CF3D-486F-A97D-5CB7AC02BE00}.Release|x86.ActiveCfg = Release|Any CPU
		{2EDDABED-CF3D-486F-A97D-5CB7AC02BE00}.Release|x86.Build.0 = Release|Any CPU
		{9B4812D2-9A1E-4D1B-97E8-79803DB13402}.Debug|Any CPU.ActiveCfg = Debug|Any CPU
		{9B4812D2-9A1E-4D1B-97E8-79803DB13402}.Debug|Any CPU.Build.0 = Debug|Any CPU
		{9B4812D2-9A1E-4D1B-97E8-79803DB13402}.Debug|x86.ActiveCfg = Debug|Any CPU
		{9B4812D2-9A1E-4D1B-97E8-79803DB13402}.Debug|x86.Build.0 = Debug|Any CPU
		{9B4812D2-9A1E-4D1B-97E8-79803DB13402}.Release|Any CPU.ActiveCfg = Release|Any CPU
		{9B4812D2-9A1E-4D1B-97E8-79803DB13402}.Release|Any CPU.Build.0 = Release|Any CPU
		{9B4812D2-9A1E-4D1B-97E8-79803DB13402}.Release|x86.ActiveCfg = Release|Any CPU
		{9B4812D2-9A1E-4D1B-97E8-79803DB13402}.Release|x86.Build.0 = Release|Any CPU
		{0D8860A0-D810-47CA-A8EC-4BB35D4757E2}.Debug|Any CPU.ActiveCfg = Debug|Any CPU
		{0D8860A0-D810-47CA-A8EC-4BB35D4757E2}.Debug|Any CPU.Build.0 = Debug|Any CPU
		{0D8860A0-D810-47CA-A8EC-4BB35D4757E2}.Debug|x86.ActiveCfg = Debug|Any CPU
		{0D8860A0-D810-47CA-A8EC-4BB35D4757E2}.Debug|x86.Build.0 = Debug|Any CPU
		{0D8860A0-D810-47CA-A8EC-4BB35D4757E2}.Release|Any CPU.ActiveCfg = Release|Any CPU
		{0D8860A0-D810-47CA-A8EC-4BB35D4757E2}.Release|Any CPU.Build.0 = Release|Any CPU
		{0D8860A0-D810-47CA-A8EC-4BB35D4757E2}.Release|x86.ActiveCfg = Release|Any CPU
		{0D8860A0-D810-47CA-A8EC-4BB35D4757E2}.Release|x86.Build.0 = Release|Any CPU
		{64A1B059-CE9A-4B1E-86E0-CCF9645CED7C}.Debug|Any CPU.ActiveCfg = Debug|Any CPU
		{64A1B059-CE9A-4B1E-86E0-CCF9645CED7C}.Debug|Any CPU.Build.0 = Debug|Any CPU
		{64A1B059-CE9A-4B1E-86E0-CCF9645CED7C}.Debug|x86.ActiveCfg = Debug|Any CPU
		{64A1B059-CE9A-4B1E-86E0-CCF9645CED7C}.Debug|x86.Build.0 = Debug|Any CPU
		{64A1B059-CE9A-4B1E-86E0-CCF9645CED7C}.Release|Any CPU.ActiveCfg = Release|Any CPU
		{64A1B059-CE9A-4B1E-86E0-CCF9645CED7C}.Release|Any CPU.Build.0 = Release|Any CPU
		{64A1B059-CE9A-4B1E-86E0-CCF9645CED7C}.Release|x86.ActiveCfg = Release|Any CPU
		{64A1B059-CE9A-4B1E-86E0-CCF9645CED7C}.Release|x86.Build.0 = Release|Any CPU
	EndGlobalSection
	GlobalSection(SolutionProperties) = preSolution
		HideSolutionNode = FALSE
	EndGlobalSection
	GlobalSection(ExtensibilityGlobals) = postSolution
		SolutionGuid = {29EF359C-2085-4854-9D3B-230DF4E90CD0}
	EndGlobalSection
	GlobalSection(Performance) = preSolution
		HasPerformanceSessions = true
	EndGlobalSection
	GlobalSection(Performance) = preSolution
		HasPerformanceSessions = true
	EndGlobalSection
	GlobalSection(Performance) = preSolution
		HasPerformanceSessions = true
	EndGlobalSection
	GlobalSection(Performance) = preSolution
		HasPerformanceSessions = true
	EndGlobalSection
	GlobalSection(Performance) = preSolution
		HasPerformanceSessions = true
	EndGlobalSection
	GlobalSection(Performance) = preSolution
		HasPerformanceSessions = true
	EndGlobalSection
EndGlobal
