
Microsoft Visual Studio Solution File, Format Version 12.00
# Visual Studio 15
VisualStudioVersion = 15.0.26730.10
MinimumVisualStudioVersion = 10.0.40219.1
Project("{9A19103F-16F7-4668-BE54-9A1E7A4F7556}") = "Server", "Server\Server.csproj", "{9B4812D2-9A1E-4D1B-97E8-79803DB13402}"
EndProject
Project("{FAE04EC0-301F-11D3-BF4B-00C04F79EFBC}") = "Common", "Common\Common.csproj", "{BE6BF497-6446-4D9D-A01A-FA626F5D925F}"
EndProject
Project("{FAE04EC0-301F-11D3-BF4B-00C04F79EFBC}") = "LibNoise", "LibNoise\LibNoise.csproj", "{9215A521-0A0F-4DCE-9C36-8AF9001744CA}"
EndProject
Project("{FAE04EC0-301F-11D3-BF4B-00C04F79EFBC}") = "UniverseGeneratorTestWpf", "UniverseGeneratorTestWpf\UniverseGeneratorTestWpf.csproj", "{86ABBBF9-52AD-4637-9BB8-CD6D2C3D6FF2}"
EndProject
Project("{FAE04EC0-301F-11D3-BF4B-00C04F79EFBC}") = "WpfCommon", "WpfCommon\WpfCommon.csproj", "{DFCB65F4-C15F-4541-824D-16DF5CD2ACB7}"
EndProject
Project("{FAE04EC0-301F-11D3-BF4B-00C04F79EFBC}") = "Editor", "Editor\Editor.csproj", "{CE57DB5F-7343-46BF-82AC-A74B6B75FA36}"
EndProject
Global
	GlobalSection(SolutionConfigurationPlatforms) = preSolution
		Debug|Any CPU = Debug|Any CPU
		Debug|x86 = Debug|x86
		Release|Any CPU = Release|Any CPU
		Release|x86 = Release|x86
	EndGlobalSection
	GlobalSection(ProjectConfigurationPlatforms) = postSolution
		{9B4812D2-9A1E-4D1B-97E8-79803DB13402}.Debug|Any CPU.ActiveCfg = Debug|Any CPU
		{9B4812D2-9A1E-4D1B-97E8-79803DB13402}.Debug|Any CPU.Build.0 = Debug|Any CPU
		{9B4812D2-9A1E-4D1B-97E8-79803DB13402}.Debug|x86.ActiveCfg = Debug|Any CPU
		{9B4812D2-9A1E-4D1B-97E8-79803DB13402}.Debug|x86.Build.0 = Debug|Any CPU
		{9B4812D2-9A1E-4D1B-97E8-79803DB13402}.Release|Any CPU.ActiveCfg = Release|Any CPU
		{9B4812D2-9A1E-4D1B-97E8-79803DB13402}.Release|Any CPU.Build.0 = Release|Any CPU
		{9B4812D2-9A1E-4D1B-97E8-79803DB13402}.Release|x86.ActiveCfg = Release|Any CPU
		{9B4812D2-9A1E-4D1B-97E8-79803DB13402}.Release|x86.Build.0 = Release|Any CPU
		{64A1B059-CE9A-4B1E-86E0-CCF9645CED7C}.Debug|Any CPU.ActiveCfg = Debug|Any CPU
		{64A1B059-CE9A-4B1E-86E0-CCF9645CED7C}.Debug|Any CPU.Build.0 = Debug|Any CPU
		{64A1B059-CE9A-4B1E-86E0-CCF9645CED7C}.Debug|x86.ActiveCfg = Debug|Any CPU
		{64A1B059-CE9A-4B1E-86E0-CCF9645CED7C}.Debug|x86.Build.0 = Debug|Any CPU
		{64A1B059-CE9A-4B1E-86E0-CCF9645CED7C}.Release|Any CPU.ActiveCfg = Release|Any CPU
		{64A1B059-CE9A-4B1E-86E0-CCF9645CED7C}.Release|Any CPU.Build.0 = Release|Any CPU
		{64A1B059-CE9A-4B1E-86E0-CCF9645CED7C}.Release|x86.ActiveCfg = Release|Any CPU
		{64A1B059-CE9A-4B1E-86E0-CCF9645CED7C}.Release|x86.Build.0 = Release|Any CPU
		{BE6BF497-6446-4D9D-A01A-FA626F5D925F}.Debug|Any CPU.ActiveCfg = Debug|Any CPU
		{BE6BF497-6446-4D9D-A01A-FA626F5D925F}.Debug|Any CPU.Build.0 = Debug|Any CPU
		{BE6BF497-6446-4D9D-A01A-FA626F5D925F}.Debug|x86.ActiveCfg = Debug|Any CPU
		{BE6BF497-6446-4D9D-A01A-FA626F5D925F}.Debug|x86.Build.0 = Debug|Any CPU
		{BE6BF497-6446-4D9D-A01A-FA626F5D925F}.Release|Any CPU.ActiveCfg = Release|Any CPU
		{BE6BF497-6446-4D9D-A01A-FA626F5D925F}.Release|Any CPU.Build.0 = Release|Any CPU
		{BE6BF497-6446-4D9D-A01A-FA626F5D925F}.Release|x86.ActiveCfg = Release|Any CPU
		{BE6BF497-6446-4D9D-A01A-FA626F5D925F}.Release|x86.Build.0 = Release|Any CPU
		{9215A521-0A0F-4DCE-9C36-8AF9001744CA}.Debug|Any CPU.ActiveCfg = Debug|Any CPU
		{9215A521-0A0F-4DCE-9C36-8AF9001744CA}.Debug|Any CPU.Build.0 = Debug|Any CPU
		{9215A521-0A0F-4DCE-9C36-8AF9001744CA}.Debug|x86.ActiveCfg = Debug|Any CPU
		{9215A521-0A0F-4DCE-9C36-8AF9001744CA}.Debug|x86.Build.0 = Debug|Any CPU
		{9215A521-0A0F-4DCE-9C36-8AF9001744CA}.Release|Any CPU.ActiveCfg = Release|Any CPU
		{9215A521-0A0F-4DCE-9C36-8AF9001744CA}.Release|Any CPU.Build.0 = Release|Any CPU
		{9215A521-0A0F-4DCE-9C36-8AF9001744CA}.Release|x86.ActiveCfg = Release|Any CPU
		{9215A521-0A0F-4DCE-9C36-8AF9001744CA}.Release|x86.Build.0 = Release|Any CPU
		{86ABBBF9-52AD-4637-9BB8-CD6D2C3D6FF2}.Debug|Any CPU.ActiveCfg = Debug|Any CPU
		{86ABBBF9-52AD-4637-9BB8-CD6D2C3D6FF2}.Debug|Any CPU.Build.0 = Debug|Any CPU
		{86ABBBF9-52AD-4637-9BB8-CD6D2C3D6FF2}.Debug|x86.ActiveCfg = Debug|Any CPU
		{86ABBBF9-52AD-4637-9BB8-CD6D2C3D6FF2}.Debug|x86.Build.0 = Debug|Any CPU
		{86ABBBF9-52AD-4637-9BB8-CD6D2C3D6FF2}.Release|Any CPU.ActiveCfg = Release|Any CPU
		{86ABBBF9-52AD-4637-9BB8-CD6D2C3D6FF2}.Release|Any CPU.Build.0 = Release|Any CPU
		{86ABBBF9-52AD-4637-9BB8-CD6D2C3D6FF2}.Release|x86.ActiveCfg = Release|Any CPU
		{86ABBBF9-52AD-4637-9BB8-CD6D2C3D6FF2}.Release|x86.Build.0 = Release|Any CPU
		{DFCB65F4-C15F-4541-824D-16DF5CD2ACB7}.Debug|Any CPU.ActiveCfg = Debug|Any CPU
		{DFCB65F4-C15F-4541-824D-16DF5CD2ACB7}.Debug|Any CPU.Build.0 = Debug|Any CPU
		{DFCB65F4-C15F-4541-824D-16DF5CD2ACB7}.Debug|x86.ActiveCfg = Debug|Any CPU
		{DFCB65F4-C15F-4541-824D-16DF5CD2ACB7}.Debug|x86.Build.0 = Debug|Any CPU
		{DFCB65F4-C15F-4541-824D-16DF5CD2ACB7}.Release|Any CPU.ActiveCfg = Release|Any CPU
		{DFCB65F4-C15F-4541-824D-16DF5CD2ACB7}.Release|Any CPU.Build.0 = Release|Any CPU
		{DFCB65F4-C15F-4541-824D-16DF5CD2ACB7}.Release|x86.ActiveCfg = Release|Any CPU
		{DFCB65F4-C15F-4541-824D-16DF5CD2ACB7}.Release|x86.Build.0 = Release|Any CPU
		{CE57DB5F-7343-46BF-82AC-A74B6B75FA36}.Debug|Any CPU.ActiveCfg = Debug|Any CPU
		{CE57DB5F-7343-46BF-82AC-A74B6B75FA36}.Debug|Any CPU.Build.0 = Debug|Any CPU
		{CE57DB5F-7343-46BF-82AC-A74B6B75FA36}.Debug|x86.ActiveCfg = Debug|Any CPU
		{CE57DB5F-7343-46BF-82AC-A74B6B75FA36}.Debug|x86.Build.0 = Debug|Any CPU
		{CE57DB5F-7343-46BF-82AC-A74B6B75FA36}.Release|Any CPU.ActiveCfg = Release|Any CPU
		{CE57DB5F-7343-46BF-82AC-A74B6B75FA36}.Release|Any CPU.Build.0 = Release|Any CPU
		{CE57DB5F-7343-46BF-82AC-A74B6B75FA36}.Release|x86.ActiveCfg = Release|Any CPU
		{CE57DB5F-7343-46BF-82AC-A74B6B75FA36}.Release|x86.Build.0 = Release|Any CPU
	EndGlobalSection
	GlobalSection(SolutionProperties) = preSolution
		HideSolutionNode = FALSE
	EndGlobalSection
	GlobalSection(ExtensibilityGlobals) = postSolution
		SolutionGuid = {29EF359C-2085-4854-9D3B-230DF4E90CD0}
	EndGlobalSection
	GlobalSection(Performance) = preSolution
		HasPerformanceSessions = true
	EndGlobalSection
	GlobalSection(Performance) = preSolution
		HasPerformanceSessions = true
	EndGlobalSection
	GlobalSection(Performance) = preSolution
		HasPerformanceSessions = true
	EndGlobalSection
	GlobalSection(Performance) = preSolution
		HasPerformanceSessions = true
	EndGlobalSection
	GlobalSection(Performance) = preSolution
		HasPerformanceSessions = true
	EndGlobalSection
	GlobalSection(Performance) = preSolution
		HasPerformanceSessions = true
	EndGlobalSection
EndGlobal
